
Microsoft Visual Studio Solution File, Format Version 12.00
# Visual Studio 2013
VisualStudioVersion = 12.0.40629.0
MinimumVisualStudioVersion = 10.0.40219.1
Project("{2150E333-8FDC-42A3-9474-1A3956D46DE8}") = "external", "external", "{CC028B7D-E53F-45DF-9732-BAA01B5BFE30}"
EndProject
Project("{8BC9CEB8-8B4A-11D0-8D11-00A0C91BC942}") = "Fugro.OpenCV", "Fugro\OpenCV\Fugro.OpenCV.vcxproj", "{2E87E137-FBC9-4EB1-AF46-D47589EAB26B}"
EndProject
Project("{FAE04EC0-301F-11D3-BF4B-00C04F79EFBC}") = "Fugro.OpenCV.Test", "Fugro\Test\Fugro.OpenCV.Test.csproj", "{89883036-33D0-4E0E-A94A-D4AC3AA4911F}"
EndProject
Project("{2150E333-8FDC-42A3-9474-1A3956D46DE8}") = "3rdparty", "3rdparty", "{EBE8CC9D-2451-4CFA-8F46-0E965AC9446A}"
EndProject
Project("{2150E333-8FDC-42A3-9474-1A3956D46DE8}") = "modules", "modules", "{37ACAFD8-B1E9-4FB9-AC98-8BEBDD67BBA5}"
EndProject
Project("{8BC9CEB8-8B4A-11D0-8D11-00A0C91BC942}") = "opencv_core", "external\modules\core\opencv_core.vcxproj", "{74F4C334-D090-429A-8D0A-E957354CB68D}"
EndProject
Project("{8BC9CEB8-8B4A-11D0-8D11-00A0C91BC942}") = "opencv_imgcodecs", "external\modules\imgcodecs\opencv_imgcodecs.vcxproj", "{58BBA37A-92FF-48F0-ADEA-5DEE1B6534C7}"
EndProject
Project("{8BC9CEB8-8B4A-11D0-8D11-00A0C91BC942}") = "opencv_imgproc", "external\modules\imgproc\opencv_imgproc.vcxproj", "{C42925D9-1D87-41B8-89BC-47D617BAC223}"
EndProject
Project("{8BC9CEB8-8B4A-11D0-8D11-00A0C91BC942}") = "opencv_video", "external\modules\video\opencv_video.vcxproj", "{D7498039-5AC4-43B9-9876-8A6958141D7D}"
EndProject
Project("{8BC9CEB8-8B4A-11D0-8D11-00A0C91BC942}") = "libpng", "external\3rdparty\libpng\libpng.vcxproj", "{41DC898A-039A-461C-83D9-C49AB0C1610E}"
EndProject
Project("{8BC9CEB8-8B4A-11D0-8D11-00A0C91BC942}") = "zlib", "external\3rdparty\zlib\zlib.vcxproj", "{AC931715-5B7E-43E1-B460-B85226086DBB}"
EndProject
Global
	GlobalSection(SolutionConfigurationPlatforms) = preSolution
		Debug|Any CPU = Debug|Any CPU
		Debug|Mixed Platforms = Debug|Mixed Platforms
		Debug|Win32 = Debug|Win32
		Debug|x64 = Debug|x64
		Release|Any CPU = Release|Any CPU
		Release|Mixed Platforms = Release|Mixed Platforms
		Release|Win32 = Release|Win32
		Release|x64 = Release|x64
	EndGlobalSection
	GlobalSection(ProjectConfigurationPlatforms) = postSolution
		{2E87E137-FBC9-4EB1-AF46-D47589EAB26B}.Debug|Any CPU.ActiveCfg = Debug|x64
		{2E87E137-FBC9-4EB1-AF46-D47589EAB26B}.Debug|Any CPU.Build.0 = Debug|x64
		{2E87E137-FBC9-4EB1-AF46-D47589EAB26B}.Debug|Mixed Platforms.ActiveCfg = Debug|x64
		{2E87E137-FBC9-4EB1-AF46-D47589EAB26B}.Debug|Mixed Platforms.Build.0 = Debug|x64
		{2E87E137-FBC9-4EB1-AF46-D47589EAB26B}.Debug|Win32.ActiveCfg = Debug|Win32
		{2E87E137-FBC9-4EB1-AF46-D47589EAB26B}.Debug|Win32.Build.0 = Debug|Win32
		{2E87E137-FBC9-4EB1-AF46-D47589EAB26B}.Debug|x64.ActiveCfg = Debug|x64
		{2E87E137-FBC9-4EB1-AF46-D47589EAB26B}.Debug|x64.Build.0 = Debug|x64
		{2E87E137-FBC9-4EB1-AF46-D47589EAB26B}.Release|Any CPU.ActiveCfg = Release|x64
		{2E87E137-FBC9-4EB1-AF46-D47589EAB26B}.Release|Any CPU.Build.0 = Release|x64
		{2E87E137-FBC9-4EB1-AF46-D47589EAB26B}.Release|Mixed Platforms.ActiveCfg = Release|Win32
		{2E87E137-FBC9-4EB1-AF46-D47589EAB26B}.Release|Mixed Platforms.Build.0 = Release|Win32
		{2E87E137-FBC9-4EB1-AF46-D47589EAB26B}.Release|Win32.ActiveCfg = Release|Win32
		{2E87E137-FBC9-4EB1-AF46-D47589EAB26B}.Release|Win32.Build.0 = Release|Win32
		{2E87E137-FBC9-4EB1-AF46-D47589EAB26B}.Release|x64.ActiveCfg = Release|x64
		{2E87E137-FBC9-4EB1-AF46-D47589EAB26B}.Release|x64.Build.0 = Release|x64
		{89883036-33D0-4E0E-A94A-D4AC3AA4911F}.Debug|Any CPU.ActiveCfg = Debug|Any CPU
		{89883036-33D0-4E0E-A94A-D4AC3AA4911F}.Debug|Any CPU.Build.0 = Debug|Any CPU
		{89883036-33D0-4E0E-A94A-D4AC3AA4911F}.Debug|Mixed Platforms.ActiveCfg = Debug|Any CPU
		{89883036-33D0-4E0E-A94A-D4AC3AA4911F}.Debug|Mixed Platforms.Build.0 = Debug|Any CPU
		{89883036-33D0-4E0E-A94A-D4AC3AA4911F}.Debug|Win32.ActiveCfg = Debug|Any CPU
		{89883036-33D0-4E0E-A94A-D4AC3AA4911F}.Debug|Win32.Build.0 = Debug|Any CPU
		{89883036-33D0-4E0E-A94A-D4AC3AA4911F}.Debug|x64.ActiveCfg = Debug|Any CPU
		{89883036-33D0-4E0E-A94A-D4AC3AA4911F}.Debug|x64.Build.0 = Debug|Any CPU
		{89883036-33D0-4E0E-A94A-D4AC3AA4911F}.Release|Any CPU.ActiveCfg = Release|Any CPU
		{89883036-33D0-4E0E-A94A-D4AC3AA4911F}.Release|Any CPU.Build.0 = Release|Any CPU
		{89883036-33D0-4E0E-A94A-D4AC3AA4911F}.Release|Mixed Platforms.ActiveCfg = Release|Any CPU
		{89883036-33D0-4E0E-A94A-D4AC3AA4911F}.Release|Mixed Platforms.Build.0 = Release|Any CPU
		{89883036-33D0-4E0E-A94A-D4AC3AA4911F}.Release|Win32.ActiveCfg = Release|Any CPU
		{89883036-33D0-4E0E-A94A-D4AC3AA4911F}.Release|Win32.Build.0 = Release|Any CPU
		{89883036-33D0-4E0E-A94A-D4AC3AA4911F}.Release|x64.ActiveCfg = Release|Any CPU
		{89883036-33D0-4E0E-A94A-D4AC3AA4911F}.Release|x64.Build.0 = Release|Any CPU
		{74F4C334-D090-429A-8D0A-E957354CB68D}.Debug|Any CPU.ActiveCfg = Debug|x64
		{74F4C334-D090-429A-8D0A-E957354CB68D}.Debug|Any CPU.Build.0 = Debug|x64
		{74F4C334-D090-429A-8D0A-E957354CB68D}.Debug|Mixed Platforms.ActiveCfg = Debug|x64
		{74F4C334-D090-429A-8D0A-E957354CB68D}.Debug|Mixed Platforms.Build.0 = Debug|x64
		{74F4C334-D090-429A-8D0A-E957354CB68D}.Debug|Win32.ActiveCfg = Debug|Win32
		{74F4C334-D090-429A-8D0A-E957354CB68D}.Debug|Win32.Build.0 = Debug|Win32
		{74F4C334-D090-429A-8D0A-E957354CB68D}.Debug|x64.ActiveCfg = Debug|x64
		{74F4C334-D090-429A-8D0A-E957354CB68D}.Debug|x64.Build.0 = Debug|x64
		{74F4C334-D090-429A-8D0A-E957354CB68D}.Release|Any CPU.ActiveCfg = Release|x64
		{74F4C334-D090-429A-8D0A-E957354CB68D}.Release|Any CPU.Build.0 = Release|x64
		{74F4C334-D090-429A-8D0A-E957354CB68D}.Release|Mixed Platforms.ActiveCfg = Release|Win32
		{74F4C334-D090-429A-8D0A-E957354CB68D}.Release|Mixed Platforms.Build.0 = Release|Win32
		{74F4C334-D090-429A-8D0A-E957354CB68D}.Release|Win32.ActiveCfg = Release|Win32
		{74F4C334-D090-429A-8D0A-E957354CB68D}.Release|Win32.Build.0 = Release|Win32
		{74F4C334-D090-429A-8D0A-E957354CB68D}.Release|x64.ActiveCfg = Release|x64
		{74F4C334-D090-429A-8D0A-E957354CB68D}.Release|x64.Build.0 = Release|x64
		{58BBA37A-92FF-48F0-ADEA-5DEE1B6534C7}.Debug|Any CPU.ActiveCfg = Debug|x64
		{58BBA37A-92FF-48F0-ADEA-5DEE1B6534C7}.Debug|Any CPU.Build.0 = Debug|x64
		{58BBA37A-92FF-48F0-ADEA-5DEE1B6534C7}.Debug|Mixed Platforms.ActiveCfg = Debug|x64
		{58BBA37A-92FF-48F0-ADEA-5DEE1B6534C7}.Debug|Mixed Platforms.Build.0 = Debug|x64
		{58BBA37A-92FF-48F0-ADEA-5DEE1B6534C7}.Debug|Win32.ActiveCfg = Debug|Win32
		{58BBA37A-92FF-48F0-ADEA-5DEE1B6534C7}.Debug|Win32.Build.0 = Debug|Win32
		{58BBA37A-92FF-48F0-ADEA-5DEE1B6534C7}.Debug|x64.ActiveCfg = Debug|x64
		{58BBA37A-92FF-48F0-ADEA-5DEE1B6534C7}.Debug|x64.Build.0 = Debug|x64
		{58BBA37A-92FF-48F0-ADEA-5DEE1B6534C7}.Release|Any CPU.ActiveCfg = Release|x64
		{58BBA37A-92FF-48F0-ADEA-5DEE1B6534C7}.Release|Any CPU.Build.0 = Release|x64
		{58BBA37A-92FF-48F0-ADEA-5DEE1B6534C7}.Release|Mixed Platforms.ActiveCfg = Release|Win32
		{58BBA37A-92FF-48F0-ADEA-5DEE1B6534C7}.Release|Mixed Platforms.Build.0 = Release|Win32
		{58BBA37A-92FF-48F0-ADEA-5DEE1B6534C7}.Release|Win32.ActiveCfg = Release|Win32
		{58BBA37A-92FF-48F0-ADEA-5DEE1B6534C7}.Release|Win32.Build.0 = Release|Win32
		{58BBA37A-92FF-48F0-ADEA-5DEE1B6534C7}.Release|x64.ActiveCfg = Release|x64
		{58BBA37A-92FF-48F0-ADEA-5DEE1B6534C7}.Release|x64.Build.0 = Release|x64
		{C42925D9-1D87-41B8-89BC-47D617BAC223}.Debug|Any CPU.ActiveCfg = Debug|x64
		{C42925D9-1D87-41B8-89BC-47D617BAC223}.Debug|Any CPU.Build.0 = Debug|x64
		{C42925D9-1D87-41B8-89BC-47D617BAC223}.Debug|Mixed Platforms.ActiveCfg = Debug|x64
		{C42925D9-1D87-41B8-89BC-47D617BAC223}.Debug|Mixed Platforms.Build.0 = Debug|x64
		{C42925D9-1D87-41B8-89BC-47D617BAC223}.Debug|Win32.ActiveCfg = Debug|Win32
		{C42925D9-1D87-41B8-89BC-47D617BAC223}.Debug|Win32.Build.0 = Debug|Win32
		{C42925D9-1D87-41B8-89BC-47D617BAC223}.Debug|x64.ActiveCfg = Debug|x64
		{C42925D9-1D87-41B8-89BC-47D617BAC223}.Debug|x64.Build.0 = Debug|x64
		{C42925D9-1D87-41B8-89BC-47D617BAC223}.Release|Any CPU.ActiveCfg = Release|x64
		{C42925D9-1D87-41B8-89BC-47D617BAC223}.Release|Any CPU.Build.0 = Release|x64
		{C42925D9-1D87-41B8-89BC-47D617BAC223}.Release|Mixed Platforms.ActiveCfg = Release|Win32
		{C42925D9-1D87-41B8-89BC-47D617BAC223}.Release|Mixed Platforms.Build.0 = Release|Win32
		{C42925D9-1D87-41B8-89BC-47D617BAC223}.Release|Win32.ActiveCfg = Release|Win32
		{C42925D9-1D87-41B8-89BC-47D617BAC223}.Release|Win32.Build.0 = Release|Win32
		{C42925D9-1D87-41B8-89BC-47D617BAC223}.Release|x64.ActiveCfg = Release|x64
		{C42925D9-1D87-41B8-89BC-47D617BAC223}.Release|x64.Build.0 = Release|x64
		{D7498039-5AC4-43B9-9876-8A6958141D7D}.Debug|Any CPU.ActiveCfg = Debug|x64
		{D7498039-5AC4-43B9-9876-8A6958141D7D}.Debug|Any CPU.Build.0 = Debug|x64
		{D7498039-5AC4-43B9-9876-8A6958141D7D}.Debug|Mixed Platforms.ActiveCfg = Debug|x64
		{D7498039-5AC4-43B9-9876-8A6958141D7D}.Debug|Mixed Platforms.Build.0 = Debug|x64
		{D7498039-5AC4-43B9-9876-8A6958141D7D}.Debug|Win32.ActiveCfg = Debug|Win32
		{D7498039-5AC4-43B9-9876-8A6958141D7D}.Debug|Win32.Build.0 = Debug|Win32
		{D7498039-5AC4-43B9-9876-8A6958141D7D}.Debug|x64.ActiveCfg = Debug|x64
		{D7498039-5AC4-43B9-9876-8A6958141D7D}.Debug|x64.Build.0 = Debug|x64
		{D7498039-5AC4-43B9-9876-8A6958141D7D}.Release|Any CPU.ActiveCfg = Release|x64
		{D7498039-5AC4-43B9-9876-8A6958141D7D}.Release|Any CPU.Build.0 = Release|x64
		{D7498039-5AC4-43B9-9876-8A6958141D7D}.Release|Mixed Platforms.ActiveCfg = Release|Win32
		{D7498039-5AC4-43B9-9876-8A6958141D7D}.Release|Mixed Platforms.Build.0 = Release|Win32
		{D7498039-5AC4-43B9-9876-8A6958141D7D}.Release|Win32.ActiveCfg = Release|Win32
		{D7498039-5AC4-43B9-9876-8A6958141D7D}.Release|Win32.Build.0 = Release|Win32
		{D7498039-5AC4-43B9-9876-8A6958141D7D}.Release|x64.ActiveCfg = Release|x64
		{D7498039-5AC4-43B9-9876-8A6958141D7D}.Release|x64.Build.0 = Release|x64
		{41DC898A-039A-461C-83D9-C49AB0C1610E}.Debug|Any CPU.ActiveCfg = Debug|x64
		{41DC898A-039A-461C-83D9-C49AB0C1610E}.Debug|Any CPU.Build.0 = Debug|x64
		{41DC898A-039A-461C-83D9-C49AB0C1610E}.Debug|Mixed Platforms.ActiveCfg = Debug|x64
		{41DC898A-039A-461C-83D9-C49AB0C1610E}.Debug|Mixed Platforms.Build.0 = Debug|x64
		{41DC898A-039A-461C-83D9-C49AB0C1610E}.Debug|Win32.ActiveCfg = Debug|Win32
		{41DC898A-039A-461C-83D9-C49AB0C1610E}.Debug|Win32.Build.0 = Debug|Win32
		{41DC898A-039A-461C-83D9-C49AB0C1610E}.Debug|x64.ActiveCfg = Debug|x64
		{41DC898A-039A-461C-83D9-C49AB0C1610E}.Debug|x64.Build.0 = Debug|x64
		{41DC898A-039A-461C-83D9-C49AB0C1610E}.Release|Any CPU.ActiveCfg = Release|x64
		{41DC898A-039A-461C-83D9-C49AB0C1610E}.Release|Any CPU.Build.0 = Release|x64
		{41DC898A-039A-461C-83D9-C49AB0C1610E}.Release|Mixed Platforms.ActiveCfg = Release|Win32
		{41DC898A-039A-461C-83D9-C49AB0C1610E}.Release|Mixed Platforms.Build.0 = Release|Win32
		{41DC898A-039A-461C-83D9-C49AB0C1610E}.Release|Win32.ActiveCfg = Release|Win32
		{41DC898A-039A-461C-83D9-C49AB0C1610E}.Release|Win32.Build.0 = Release|Win32
		{41DC898A-039A-461C-83D9-C49AB0C1610E}.Release|x64.ActiveCfg = Release|x64
		{41DC898A-039A-461C-83D9-C49AB0C1610E}.Release|x64.Build.0 = Release|x64
		{AC931715-5B7E-43E1-B460-B85226086DBB}.Debug|Any CPU.ActiveCfg = Debug|x64
		{AC931715-5B7E-43E1-B460-B85226086DBB}.Debug|Any CPU.Build.0 = Debug|x64
		{AC931715-5B7E-43E1-B460-B85226086DBB}.Debug|Mixed Platforms.ActiveCfg = Debug|x64
		{AC931715-5B7E-43E1-B460-B85226086DBB}.Debug|Mixed Platforms.Build.0 = Debug|x64
		{AC931715-5B7E-43E1-B460-B85226086DBB}.Debug|Win32.ActiveCfg = Debug|Win32
		{AC931715-5B7E-43E1-B460-B85226086DBB}.Debug|Win32.Build.0 = Debug|Win32
		{AC931715-5B7E-43E1-B460-B85226086DBB}.Debug|x64.ActiveCfg = Debug|x64
		{AC931715-5B7E-43E1-B460-B85226086DBB}.Debug|x64.Build.0 = Debug|x64
		{AC931715-5B7E-43E1-B460-B85226086DBB}.Release|Any CPU.ActiveCfg = Release|x64
		{AC931715-5B7E-43E1-B460-B85226086DBB}.Release|Any CPU.Build.0 = Release|x64
		{AC931715-5B7E-43E1-B460-B85226086DBB}.Release|Mixed Platforms.ActiveCfg = Release|Win32
		{AC931715-5B7E-43E1-B460-B85226086DBB}.Release|Mixed Platforms.Build.0 = Release|Win32
		{AC931715-5B7E-43E1-B460-B85226086DBB}.Release|Win32.ActiveCfg = Release|Win32
		{AC931715-5B7E-43E1-B460-B85226086DBB}.Release|Win32.Build.0 = Release|Win32
		{AC931715-5B7E-43E1-B460-B85226086DBB}.Release|x64.ActiveCfg = Release|x64
		{AC931715-5B7E-43E1-B460-B85226086DBB}.Release|x64.Build.0 = Release|x64
	EndGlobalSection
	GlobalSection(SolutionProperties) = preSolution
		HideSolutionNode = FALSE
	EndGlobalSection
	GlobalSection(NestedProjects) = preSolution
		{EBE8CC9D-2451-4CFA-8F46-0E965AC9446A} = {CC028B7D-E53F-45DF-9732-BAA01B5BFE30}
		{37ACAFD8-B1E9-4FB9-AC98-8BEBDD67BBA5} = {CC028B7D-E53F-45DF-9732-BAA01B5BFE30}
		{74F4C334-D090-429A-8D0A-E957354CB68D} = {37ACAFD8-B1E9-4FB9-AC98-8BEBDD67BBA5}
		{58BBA37A-92FF-48F0-ADEA-5DEE1B6534C7} = {37ACAFD8-B1E9-4FB9-AC98-8BEBDD67BBA5}
		{C42925D9-1D87-41B8-89BC-47D617BAC223} = {37ACAFD8-B1E9-4FB9-AC98-8BEBDD67BBA5}
		{D7498039-5AC4-43B9-9876-8A6958141D7D} = {37ACAFD8-B1E9-4FB9-AC98-8BEBDD67BBA5}
		{41DC898A-039A-461C-83D9-C49AB0C1610E} = {EBE8CC9D-2451-4CFA-8F46-0E965AC9446A}
		{AC931715-5B7E-43E1-B460-B85226086DBB} = {EBE8CC9D-2451-4CFA-8F46-0E965AC9446A}
	EndGlobalSection
EndGlobal
